{
  "nodes": {
    "images": {
      "inputs": {
        "nixpkgs": [
          "nixpkgs"
        ]
      },
      "locked": {
        "lastModified": 1689427686,
        "narHash": "sha256-8bmjK6SsS2wvusgZvgqqE0GzSLMavUIv52fRVQHquwc=",
        "owner": "therealr5",
        "repo": "TruckSimulatorBot-images",
        "rev": "2b9bb4ec7aca230d8df32d1a617cc21d5e5b7d78",
        "type": "github"
      },
      "original": {
        "owner": "therealr5",
        "repo": "TruckSimulatorBot-images",
        "type": "github"
      }
    },
    "nixpkgs": {
      "locked": {
        "lastModified": 1690833316,
        "narHash": "sha256-+YU+/pTJmVKNW12R07/SJiTn7PQk90xwCI4D2PfLRPs=",
        "owner": "NixOS",
        "repo": "nixpkgs",
        "rev": "9418167277f665de6f4a29f414d438cf39c55b9e",
        "type": "github"
      },
      "original": {
        "id": "nixpkgs",
        "type": "indirect"
      }
    },
    "root": {
      "inputs": {
        "images": "images",
        "nixpkgs": "nixpkgs"
      }
    }
  },
  "root": "root",
  "version": 7
}
