{
  "nodes": {
    "images": {
      "inputs": {
        "nixpkgs": [
          "nixpkgs"
        ]
      },
      "locked": {
        "lastModified": 1685355308,
        "narHash": "sha256-y7gPyGyAbWtQvnGM+czXMMYBO8K8fvnxNoh/k5c+u20=",
        "owner": "therealr5",
        "repo": "TruckSimulatorBot-images",
        "rev": "2c36ccb206b2479c93fecbb1b2d02a30c8d6f049",
        "type": "github"
      },
      "original": {
        "owner": "therealr5",
        "repo": "TruckSimulatorBot-images",
        "type": "github"
      }
    },
    "nixpkgs": {
      "locked": {
        "lastModified": 1685347552,
        "narHash": "sha256-9woSppRyUFo26yUffORTzttJ+apOt8MmCv6RxpPNTU4=",
        "owner": "NixOS",
        "repo": "nixpkgs",
        "rev": "f2f1ec390714d303cf84ba086e34e45b450dd8c4",
        "type": "github"
      },
      "original": {
        "id": "nixpkgs",
        "type": "indirect"
      }
    },
    "root": {
      "inputs": {
        "images": "images",
        "nixpkgs": "nixpkgs"
      }
    }
  },
  "root": "root",
  "version": 7
}
