{
  "nodes": {
    "images": {
      "inputs": {
        "nixpkgs": [
          "nixpkgs"
        ]
      },
      "locked": {
        "lastModified": 1688282687,
        "narHash": "sha256-OS8ua5R5r3R7D6sGN3dQteELASn1ZN6E7xxkAY81J/0=",
        "owner": "therealr5",
        "repo": "TruckSimulatorBot-images",
        "rev": "f27975d1d364cab329077e53a7021e99146cbc65",
        "type": "github"
      },
      "original": {
        "owner": "therealr5",
        "repo": "TruckSimulatorBot-images",
        "type": "github"
      }
    },
    "nixpkgs": {
      "locked": {
        "lastModified": 1688221086,
        "narHash": "sha256-cdW6qUL71cNWhHCpMPOJjlw0wzSRP0pVlRn2vqX/VVg=",
        "owner": "NixOS",
        "repo": "nixpkgs",
        "rev": "cd99c2b3c9f160cd004318e0697f90bbd5960825",
        "type": "github"
      },
      "original": {
        "id": "nixpkgs",
        "type": "indirect"
      }
    },
    "root": {
      "inputs": {
        "images": "images",
        "nixpkgs": "nixpkgs"
      }
    }
  },
  "root": "root",
  "version": 7
}
